
Microsoft Visual Studio Solution File, Format Version 12.00
# Visual Studio Version 17
VisualStudioVersion = 17.13.35919.96
MinimumVisualStudioVersion = 10.0.40219.1
Project("{FAE04EC0-301F-11D3-BF4B-00C04F79EFBC}") = "WEB_353502_Liubashenka2", "WEB_353502_Liubashenka2\WEB_353502_Liubashenka2.csproj", "{276AF81C-58FA-4FA6-A0AC-23DD627280F6}"
EndProject
Project("{FAE04EC0-301F-11D3-BF4B-00C04F79EFBC}") = "WEB_353502_Liubashenka2.Domain", "WEB_353502_Liubashenka2.Domain\WEB_353502_Liubashenka2.Domain.csproj", "{8E124412-B428-4A90-8DFD-D132D04618AD}"
EndProject
Project("{FAE04EC0-301F-11D3-BF4B-00C04F79EFBC}") = "WEB_353502_Liubashenka2.Api", "WEB_353502_Liubashenka2.Api\WEB_353502_Liubashenka2.Api.csproj", "{D0D9FDD9-05C9-45E3-B774-14ED31868CCD}"
EndProject
Global
	GlobalSection(SolutionConfigurationPlatforms) = preSolution
		Debug|Any CPU = Debug|Any CPU
		Release|Any CPU = Release|Any CPU
	EndGlobalSection
	GlobalSection(ProjectConfigurationPlatforms) = postSolution
		{276AF81C-58FA-4FA6-A0AC-23DD627280F6}.Debug|Any CPU.ActiveCfg = Debug|Any CPU
		{276AF81C-58FA-4FA6-A0AC-23DD627280F6}.Debug|Any CPU.Build.0 = Debug|Any CPU
		{276AF81C-58FA-4FA6-A0AC-23DD627280F6}.Release|Any CPU.ActiveCfg = Release|Any CPU
		{276AF81C-58FA-4FA6-A0AC-23DD627280F6}.Release|Any CPU.Build.0 = Release|Any CPU
		{8E124412-B428-4A90-8DFD-D132D04618AD}.Debug|Any CPU.ActiveCfg = Debug|Any CPU
		{8E124412-B428-4A90-8DFD-D132D04618AD}.Debug|Any CPU.Build.0 = Debug|Any CPU
		{8E124412-B428-4A90-8DFD-D132D04618AD}.Release|Any CPU.ActiveCfg = Release|Any CPU
		{8E124412-B428-4A90-8DFD-D132D04618AD}.Release|Any CPU.Build.0 = Release|Any CPU
		{D0D9FDD9-05C9-45E3-B774-14ED31868CCD}.Debug|Any CPU.ActiveCfg = Debug|Any CPU
		{D0D9FDD9-05C9-45E3-B774-14ED31868CCD}.Debug|Any CPU.Build.0 = Debug|Any CPU
		{D0D9FDD9-05C9-45E3-B774-14ED31868CCD}.Release|Any CPU.ActiveCfg = Release|Any CPU
		{D0D9FDD9-05C9-45E3-B774-14ED31868CCD}.Release|Any CPU.Build.0 = Release|Any CPU
	EndGlobalSection
	GlobalSection(SolutionProperties) = preSolution
		HideSolutionNode = FALSE
	EndGlobalSection
	GlobalSection(ExtensibilityGlobals) = postSolution
		SolutionGuid = {962065EB-7E41-4F9C-AB06-DD9A0396C9DC}
	EndGlobalSection
EndGlobal
